// !$*UTF8*$!
{
	archiveVersion = 1;
	classes = {
	};
	objectVersion = 46;
	objects = {

/* Begin PBXBuildFile section */
		B12007491469C53500E05CA9 /* lightSensor.png in Resources */ = {isa = PBXBuildFile; fileRef = B12007481469C53500E05CA9 /* lightSensor.png */; };
		B1A0A454146F0E7E002317F4 /* Default.png in Resources */ = {isa = PBXBuildFile; fileRef = B1A0A453146F0E7E002317F4 /* Default.png */; };
		B1A0A457146F0E88002317F4 /* iVasilisIcon57x57.png in Resources */ = {isa = PBXBuildFile; fileRef = B1A0A456146F0E88002317F4 /* iVasilisIcon57x57.png */; };
		B1CC7D7314685B8400B96379 /* UIKit.framework in Frameworks */ = {isa = PBXBuildFile; fileRef = B1CC7D7214685B8400B96379 /* UIKit.framework */; };
		B1CC7D7514685B8400B96379 /* Foundation.framework in Frameworks */ = {isa = PBXBuildFile; fileRef = B1CC7D7414685B8400B96379 /* Foundation.framework */; };
		B1CC7D7714685B8400B96379 /* CoreGraphics.framework in Frameworks */ = {isa = PBXBuildFile; fileRef = B1CC7D7614685B8400B96379 /* CoreGraphics.framework */; };
		B1CC7D7D14685B8400B96379 /* InfoPlist.strings in Resources */ = {isa = PBXBuildFile; fileRef = B1CC7D7B14685B8400B96379 /* InfoPlist.strings */; };
		B1CC7D7F14685B8400B96379 /* main.m in Sources */ = {isa = PBXBuildFile; fileRef = B1CC7D7E14685B8400B96379 /* main.m */; };
		B1CC7D8314685B8400B96379 /* AppDelegate.m in Sources */ = {isa = PBXBuildFile; fileRef = B1CC7D8214685B8400B96379 /* AppDelegate.m */; };
		B1CC7D8614685B8400B96379 /* CalculatorViewController.m in Sources */ = {isa = PBXBuildFile; fileRef = B1CC7D8514685B8400B96379 /* CalculatorViewController.m */; };
		B1CC7D8914685B8400B96379 /* CalculatorViewController.xib in Resources */ = {isa = PBXBuildFile; fileRef = B1CC7D8714685B8400B96379 /* CalculatorViewController.xib */; };
		B1CC7D91146861C000B96379 /* CalculatorBrain.m in Sources */ = {isa = PBXBuildFile; fileRef = B1CC7D90146861C000B96379 /* CalculatorBrain.m */; };
/* End PBXBuildFile section */

/* Begin PBXFileReference section */
		B12007481469C53500E05CA9 /* lightSensor.png */ = {isa = PBXFileReference; lastKnownFileType = image.png; path = lightSensor.png; sourceTree = "<group>"; };
		B1A0A453146F0E7E002317F4 /* Default.png */ = {isa = PBXFileReference; lastKnownFileType = image.png; name = Default.png; path = ../Default.png; sourceTree = "<group>"; };
		B1A0A456146F0E88002317F4 /* iVasilisIcon57x57.png */ = {isa = PBXFileReference; lastKnownFileType = image.png; name = iVasilisIcon57x57.png; path = ../iVasilisIcon57x57.png; sourceTree = "<group>"; };
		B1CC7D6E14685B8400B96379 /* Calculator.app */ = {isa = PBXFileReference; explicitFileType = wrapper.application; includeInIndex = 0; path = Calculator.app; sourceTree = BUILT_PRODUCTS_DIR; };
		B1CC7D7214685B8400B96379 /* UIKit.framework */ = {isa = PBXFileReference; lastKnownFileType = wrapper.framework; name = UIKit.framework; path = System/Library/Frameworks/UIKit.framework; sourceTree = SDKROOT; };
		B1CC7D7414685B8400B96379 /* Foundation.framework */ = {isa = PBXFileReference; lastKnownFileType = wrapper.framework; name = Foundation.framework; path = System/Library/Frameworks/Foundation.framework; sourceTree = SDKROOT; };
		B1CC7D7614685B8400B96379 /* CoreGraphics.framework */ = {isa = PBXFileReference; lastKnownFileType = wrapper.framework; name = CoreGraphics.framework; path = System/Library/Frameworks/CoreGraphics.framework; sourceTree = SDKROOT; };
		B1CC7D7A14685B8400B96379 /* Calculator-Info.plist */ = {isa = PBXFileReference; lastKnownFileType = text.plist.xml; path = "Calculator-Info.plist"; sourceTree = "<group>"; };
		B1CC7D7C14685B8400B96379 /* en */ = {isa = PBXFileReference; lastKnownFileType = text.plist.strings; name = en; path = en.lproj/InfoPlist.strings; sourceTree = "<group>"; };
		B1CC7D7E14685B8400B96379 /* main.m */ = {isa = PBXFileReference; lastKnownFileType = sourcecode.c.objc; path = main.m; sourceTree = "<group>"; };
		B1CC7D8014685B8400B96379 /* Calculator-Prefix.pch */ = {isa = PBXFileReference; lastKnownFileType = sourcecode.c.h; path = "Calculator-Prefix.pch"; sourceTree = "<group>"; };
		B1CC7D8114685B8400B96379 /* AppDelegate.h */ = {isa = PBXFileReference; lastKnownFileType = sourcecode.c.h; path = AppDelegate.h; sourceTree = "<group>"; };
		B1CC7D8214685B8400B96379 /* AppDelegate.m */ = {isa = PBXFileReference; lastKnownFileType = sourcecode.c.objc; path = AppDelegate.m; sourceTree = "<group>"; };
		B1CC7D8414685B8400B96379 /* CalculatorViewController.h */ = {isa = PBXFileReference; lastKnownFileType = sourcecode.c.h; path = CalculatorViewController.h; sourceTree = "<group>"; };
		B1CC7D8514685B8400B96379 /* CalculatorViewController.m */ = {isa = PBXFileReference; lastKnownFileType = sourcecode.c.objc; path = CalculatorViewController.m; sourceTree = "<group>"; };
		B1CC7D8814685B8400B96379 /* en */ = {isa = PBXFileReference; lastKnownFileType = file.xib; name = en; path = en.lproj/CalculatorViewController.xib; sourceTree = "<group>"; };
		B1CC7D8F146861C000B96379 /* CalculatorBrain.h */ = {isa = PBXFileReference; fileEncoding = 4; lastKnownFileType = sourcecode.c.h; path = CalculatorBrain.h; sourceTree = "<group>"; };
		B1CC7D90146861C000B96379 /* CalculatorBrain.m */ = {isa = PBXFileReference; fileEncoding = 4; lastKnownFileType = sourcecode.c.objc; path = CalculatorBrain.m; sourceTree = "<group>"; };
/* End PBXFileReference section */

/* Begin PBXFrameworksBuildPhase section */
		B1CC7D6B14685B8400B96379 /* Frameworks */ = {
			isa = PBXFrameworksBuildPhase;
			buildActionMask = 2147483647;
			files = (
				B1CC7D7314685B8400B96379 /* UIKit.framework in Frameworks */,
				B1CC7D7514685B8400B96379 /* Foundation.framework in Frameworks */,
				B1CC7D7714685B8400B96379 /* CoreGraphics.framework in Frameworks */,
			);
			runOnlyForDeploymentPostprocessing = 0;
		};
/* End PBXFrameworksBuildPhase section */

/* Begin PBXGroup section */
		B1CC7D6314685B8400B96379 = {
			isa = PBXGroup;
			children = (
				B1CC7D7814685B8400B96379 /* Calculator */,
				B1CC7D7114685B8400B96379 /* Frameworks */,
				B1CC7D6F14685B8400B96379 /* Products */,
			);
			sourceTree = "<group>";
		};
		B1CC7D6F14685B8400B96379 /* Products */ = {
			isa = PBXGroup;
			children = (
				B1CC7D6E14685B8400B96379 /* Calculator.app */,
			);
			name = Products;
			sourceTree = "<group>";
		};
		B1CC7D7114685B8400B96379 /* Frameworks */ = {
			isa = PBXGroup;
			children = (
				B1CC7D7214685B8400B96379 /* UIKit.framework */,
				B1CC7D7414685B8400B96379 /* Foundation.framework */,
				B1CC7D7614685B8400B96379 /* CoreGraphics.framework */,
			);
			name = Frameworks;
			sourceTree = "<group>";
		};
		B1CC7D7814685B8400B96379 /* Calculator */ = {
			isa = PBXGroup;
			children = (
				B1CC7D8114685B8400B96379 /* AppDelegate.h */,
				B1CC7D8214685B8400B96379 /* AppDelegate.m */,
				B1CC7D8414685B8400B96379 /* CalculatorViewController.h */,
				B1CC7D8514685B8400B96379 /* CalculatorViewController.m */,
				B1CC7D8F146861C000B96379 /* CalculatorBrain.h */,
				B1CC7D90146861C000B96379 /* CalculatorBrain.m */,
				B1CC7D8714685B8400B96379 /* CalculatorViewController.xib */,
				B1CC7D7914685B8400B96379 /* Supporting Files */,
			);
			path = Calculator;
			sourceTree = "<group>";
		};
		B1CC7D7914685B8400B96379 /* Supporting Files */ = {
			isa = PBXGroup;
			children = (
				B1A0A456146F0E88002317F4 /* iVasilisIcon57x57.png */,
				B1A0A453146F0E7E002317F4 /* Default.png */,
				B12007481469C53500E05CA9 /* lightSensor.png */,
				B1CC7D7A14685B8400B96379 /* Calculator-Info.plist */,
				B1CC7D7B14685B8400B96379 /* InfoPlist.strings */,
				B1CC7D7E14685B8400B96379 /* main.m */,
				B1CC7D8014685B8400B96379 /* Calculator-Prefix.pch */,
			);
			name = "Supporting Files";
			sourceTree = "<group>";
		};
/* End PBXGroup section */

/* Begin PBXNativeTarget section */
		B1CC7D6D14685B8400B96379 /* Calculator */ = {
			isa = PBXNativeTarget;
			buildConfigurationList = B1CC7D8C14685B8400B96379 /* Build configuration list for PBXNativeTarget "Calculator" */;
			buildPhases = (
				B1CC7D6A14685B8400B96379 /* Sources */,
				B1CC7D6B14685B8400B96379 /* Frameworks */,
				B1CC7D6C14685B8400B96379 /* Resources */,
			);
			buildRules = (
			);
			dependencies = (
			);
			name = Calculator;
			productName = Calculator;
			productReference = B1CC7D6E14685B8400B96379 /* Calculator.app */;
			productType = "com.apple.product-type.application";
		};
/* End PBXNativeTarget section */

/* Begin PBXProject section */
		B1CC7D6514685B8400B96379 /* Project object */ = {
			isa = PBXProject;
			attributes = {
				LastUpgradeCheck = 0420;
			};
			buildConfigurationList = B1CC7D6814685B8400B96379 /* Build configuration list for PBXProject "Calculator" */;
			compatibilityVersion = "Xcode 3.2";
			developmentRegion = English;
			hasScannedForEncodings = 0;
			knownRegions = (
				en,
			);
			mainGroup = B1CC7D6314685B8400B96379;
			productRefGroup = B1CC7D6F14685B8400B96379 /* Products */;
			projectDirPath = "";
			projectRoot = "";
			targets = (
				B1CC7D6D14685B8400B96379 /* Calculator */,
			);
		};
/* End PBXProject section */

/* Begin PBXResourcesBuildPhase section */
		B1CC7D6C14685B8400B96379 /* Resources */ = {
			isa = PBXResourcesBuildPhase;
			buildActionMask = 2147483647;
			files = (
				B1CC7D7D14685B8400B96379 /* InfoPlist.strings in Resources */,
				B1CC7D8914685B8400B96379 /* CalculatorViewController.xib in Resources */,
				B12007491469C53500E05CA9 /* lightSensor.png in Resources */,
				B1A0A454146F0E7E002317F4 /* Default.png in Resources */,
				B1A0A457146F0E88002317F4 /* iVasilisIcon57x57.png in Resources */,
			);
			runOnlyForDeploymentPostprocessing = 0;
		};
/* End PBXResourcesBuildPhase section */

/* Begin PBXSourcesBuildPhase section */
		B1CC7D6A14685B8400B96379 /* Sources */ = {
			isa = PBXSourcesBuildPhase;
			buildActionMask = 2147483647;
			files = (
				B1CC7D7F14685B8400B96379 /* main.m in Sources */,
				B1CC7D8314685B8400B96379 /* AppDelegate.m in Sources */,
				B1CC7D8614685B8400B96379 /* CalculatorViewController.m in Sources */,
				B1CC7D91146861C000B96379 /* CalculatorBrain.m in Sources */,
			);
			runOnlyForDeploymentPostprocessing = 0;
		};
/* End PBXSourcesBuildPhase section */

/* Begin PBXVariantGroup section */
		B1CC7D7B14685B8400B96379 /* InfoPlist.strings */ = {
			isa = PBXVariantGroup;
			children = (
				B1CC7D7C14685B8400B96379 /* en */,
			);
			name = InfoPlist.strings;
			sourceTree = "<group>";
		};
		B1CC7D8714685B8400B96379 /* CalculatorViewController.xib */ = {
			isa = PBXVariantGroup;
			children = (
				B1CC7D8814685B8400B96379 /* en */,
			);
			name = CalculatorViewController.xib;
			sourceTree = "<group>";
		};
/* End PBXVariantGroup section */

/* Begin XCBuildConfiguration section */
		B1CC7D8A14685B8400B96379 /* Debug */ = {
			isa = XCBuildConfiguration;
			buildSettings = {
				ALWAYS_SEARCH_USER_PATHS = NO;
				ARCHS = "$(ARCHS_STANDARD_32_BIT)";
				"CODE_SIGN_IDENTITY[sdk=iphoneos*]" = "iPhone Developer";
				COPY_PHASE_STRIP = NO;
				GCC_C_LANGUAGE_STANDARD = gnu99;
				GCC_DYNAMIC_NO_PIC = NO;
				GCC_OPTIMIZATION_LEVEL = 0;
				GCC_PREPROCESSOR_DEFINITIONS = (
					"DEBUG=1",
					"$(inherited)",
				);
				GCC_SYMBOLS_PRIVATE_EXTERN = NO;
				GCC_VERSION = com.apple.compilers.llvm.clang.1_0;
				GCC_WARN_ABOUT_MISSING_PROTOTYPES = YES;
				GCC_WARN_ABOUT_RETURN_TYPE = YES;
				GCC_WARN_UNUSED_VARIABLE = YES;
				IPHONEOS_DEPLOYMENT_TARGET = 5.0;
				SDKROOT = iphoneos;
			};
			name = Debug;
		};
		B1CC7D8B14685B8400B96379 /* Release */ = {
			isa = XCBuildConfiguration;
			buildSettings = {
				ALWAYS_SEARCH_USER_PATHS = NO;
				ARCHS = "$(ARCHS_STANDARD_32_BIT)";
				"CODE_SIGN_IDENTITY[sdk=iphoneos*]" = "iPhone Developer";
				COPY_PHASE_STRIP = YES;
				GCC_C_LANGUAGE_STANDARD = gnu99;
				GCC_VERSION = com.apple.compilers.llvm.clang.1_0;
				GCC_WARN_ABOUT_MISSING_PROTOTYPES = YES;
				GCC_WARN_ABOUT_RETURN_TYPE = YES;
				GCC_WARN_UNUSED_VARIABLE = YES;
				IPHONEOS_DEPLOYMENT_TARGET = 5.0;
				OTHER_CFLAGS = "-DNS_BLOCK_ASSERTIONS=1";
				SDKROOT = iphoneos;
				VALIDATE_PRODUCT = YES;
			};
			name = Release;
		};
		B1CC7D8D14685B8400B96379 /* Debug */ = {
			isa = XCBuildConfiguration;
			buildSettings = {
				GCC_PRECOMPILE_PREFIX_HEADER = YES;
				GCC_PREFIX_HEADER = "Calculator/Calculator-Prefix.pch";
				INFOPLIST_FILE = "Calculator/Calculator-Info.plist";
				PRODUCT_NAME = "$(TARGET_NAME)";
				WRAPPER_EXTENSION = app;
			};
			name = Debug;
		};
		B1CC7D8E14685B8400B96379 /* Release */ = {
			isa = XCBuildConfiguration;
			buildSettings = {
				GCC_PRECOMPILE_PREFIX_HEADER = YES;
				GCC_PREFIX_HEADER = "Calculator/Calculator-Prefix.pch";
				INFOPLIST_FILE = "Calculator/Calculator-Info.plist";
				PRODUCT_NAME = "$(TARGET_NAME)";
				WRAPPER_EXTENSION = app;
			};
			name = Release;
		};
/* End XCBuildConfiguration section */

/* Begin XCConfigurationList section */
		B1CC7D6814685B8400B96379 /* Build configuration list for PBXProject "Calculator" */ = {
			isa = XCConfigurationList;
			buildConfigurations = (
				B1CC7D8A14685B8400B96379 /* Debug */,
				B1CC7D8B14685B8400B96379 /* Release */,
			);
			defaultConfigurationIsVisible = 0;
			defaultConfigurationName = Release;
		};
		B1CC7D8C14685B8400B96379 /* Build configuration list for PBXNativeTarget "Calculator" */ = {
			isa = XCConfigurationList;
			buildConfigurations = (
				B1CC7D8D14685B8400B96379 /* Debug */,
				B1CC7D8E14685B8400B96379 /* Release */,
			);
			defaultConfigurationIsVisible = 0;
			defaultConfigurationName = Release;
		};
/* End XCConfigurationList section */
	};
	rootObject = B1CC7D6514685B8400B96379 /* Project object */;
}
